
Microsoft Visual Studio Solution File, Format Version 12.00
# Visual Studio Version 17
VisualStudioVersion = 17.8.34511.84
MinimumVisualStudioVersion = 10.0.40219.1
Project("{FAE04EC0-301F-11D3-BF4B-00C04F79EFBC}") = "IfzThumbnailHandler", "IfzThumbnailHandler.csproj", "{028B160F-ACC0-4EE7-8DB5-295F55333F83}"
EndProject
Global
	GlobalSection(SolutionConfigurationPlatforms) = preSolution
		Debug|Any CPU = Debug|Any CPU
		Release|Any CPU = Release|Any CPU
	EndGlobalSection
	GlobalSection(ProjectConfigurationPlatforms) = postSolution
		{028B160F-ACC0-4EE7-8DB5-295F55333F83}.Debug|Any CPU.ActiveCfg = Debug|Any CPU
		{028B160F-ACC0-4EE7-8DB5-295F55333F83}.Debug|Any CPU.Build.0 = Debug|Any CPU
		{028B160F-ACC0-4EE7-8DB5-295F55333F83}.Release|Any CPU.ActiveCfg = Release|Any CPU
		{028B160F-ACC0-4EE7-8DB5-295F55333F83}.Release|Any CPU.Build.0 = Release|Any CPU
	EndGlobalSection
	GlobalSection(SolutionProperties) = preSolution
		HideSolutionNode = FALSE
	EndGlobalSection
	GlobalSection(ExtensibilityGlobals) = postSolution
		SolutionGuid = {2444F26C-B3AE-4AF8-8F1D-148B1CEBD027}
	EndGlobalSection
EndGlobal
